{
  "name": "js",
  "version": "1.0.0",
  "lockfileVersion": 3,
  "requires": true,
  "packages": {
    "": {
      "name": "js",
      "version": "1.0.0",
      "license": "ISC",
      "dependencies": {
        "oxc-parser": "^0.60.0"
      }
    },
    "node_modules/@emnapi/core": {
      "version": "1.3.1",
      "resolved": "https://registry.npmjs.org/@emnapi/core/-/core-1.3.1.tgz",
      "integrity": "sha512-pVGjBIt1Y6gg3EJN8jTcfpP/+uuRksIo055oE/OBkDNcjZqVbfkWCksG1Jp4yZnj3iKWyWX8fdG/j6UDYPbFog==",
      "license": "MIT",
      "optional": true,
      "dependencies": {
        "@emnapi/wasi-threads": "1.0.1",
        "tslib": "^2.4.0"
      }
    },
    "node_modules/@emnapi/runtime": {
      "version": "1.3.1",
      "resolved": "https://registry.npmjs.org/@emnapi/runtime/-/runtime-1.3.1.tgz",
      "integrity": "sha512-kEBmG8KyqtxJZv+ygbEim+KCGtIq1fC22Ms3S4ziXmYKm8uyoLX0MHONVKwp+9opg390VaKRNt4a7A9NwmpNhw==",
      "license": "MIT",
      "optional": true,
      "dependencies": {
        "tslib": "^2.4.0"
      }
    },
    "node_modules/@emnapi/wasi-threads": {
      "version": "1.0.1",
      "resolved": "https://registry.npmjs.org/@emnapi/wasi-threads/-/wasi-threads-1.0.1.tgz",
      "integrity": "sha512-iIBu7mwkq4UQGeMEM8bLwNK962nXdhodeScX4slfQnRhEMMzvYivHhutCIk8uojvmASXXPC2WNEjwxFWk72Oqw==",
      "license": "MIT",
      "optional": true,
      "dependencies": {
        "tslib": "^2.4.0"
      }
    },
    "node_modules/@napi-rs/wasm-runtime": {
      "version": "0.2.7",
      "resolved": "https://registry.npmjs.org/@napi-rs/wasm-runtime/-/wasm-runtime-0.2.7.tgz",
      "integrity": "sha512-5yximcFK5FNompXfJFoWanu5l8v1hNGqNHh9du1xETp9HWk/B/PzvchX55WYOPaIeNglG8++68AAiauBAtbnzw==",
      "license": "MIT",
      "optional": true,
      "dependencies": {
        "@emnapi/core": "^1.3.1",
        "@emnapi/runtime": "^1.3.1",
        "@tybys/wasm-util": "^0.9.0"
      }
    },
    "node_modules/@oxc-parser/binding-darwin-arm64": {
      "version": "0.60.0",
      "resolved": "https://registry.npmjs.org/@oxc-parser/binding-darwin-arm64/-/binding-darwin-arm64-0.60.0.tgz",
      "integrity": "sha512-JM+33rA+vA4vyGxwL0Xpy9H0lL5+EyLV8wrB0IPd5d+196aBfRDr1pX73oPSuXhzeQiRhzpBEsEtJYNgjvD7yQ==",
      "cpu": [
        "arm64"
      ],
      "license": "MIT",
      "optional": true,
      "os": [
        "darwin"
      ],
      "engines": {
        "node": ">=14.0.0"
      }
    },
    "node_modules/@oxc-parser/binding-darwin-x64": {
      "version": "0.60.0",
      "resolved": "https://registry.npmjs.org/@oxc-parser/binding-darwin-x64/-/binding-darwin-x64-0.60.0.tgz",
      "integrity": "sha512-xG0t9PDCQvsOHyW9oebDJ3/PdusSDXPSW5HpAmD8ZFg3INMv86/2gOlgC6EbSwTjliYvjJjxqNyHacoCoaj3Rw==",
      "cpu": [
        "x64"
      ],
      "license": "MIT",
      "optional": true,
      "os": [
        "darwin"
      ],
      "engines": {
        "node": ">=14.0.0"
      }
    },
    "node_modules/@oxc-parser/binding-linux-arm-gnueabihf": {
      "version": "0.60.0",
      "resolved": "https://registry.npmjs.org/@oxc-parser/binding-linux-arm-gnueabihf/-/binding-linux-arm-gnueabihf-0.60.0.tgz",
      "integrity": "sha512-CTE6DHb3WV4lkA9YTOYJwj2m/C3TSKeReil7jLdYVU+MAnFXRKSXlcyrYxKBwv/XIRfiaC3dokHmta4aOuPOig==",
      "cpu": [
        "arm"
      ],
      "license": "MIT",
      "optional": true,
      "os": [
        "linux"
      ],
      "engines": {
        "node": ">=14.0.0"
      }
    },
    "node_modules/@oxc-parser/binding-linux-arm64-gnu": {
      "version": "0.60.0",
      "resolved": "https://registry.npmjs.org/@oxc-parser/binding-linux-arm64-gnu/-/binding-linux-arm64-gnu-0.60.0.tgz",
      "integrity": "sha512-vEDdwqc4QcPIEJYws6IZND7I7jMGvg+dKv/IThcI4gLA19aTOG1nxaUtNde9rlhUQr0eUVerTRPY9suMBBxxpg==",
      "cpu": [
        "arm64"
      ],
      "license": "MIT",
      "optional": true,
      "os": [
        "linux"
      ],
      "engines": {
        "node": ">=14.0.0"
      }
    },
    "node_modules/@oxc-parser/binding-linux-arm64-musl": {
      "version": "0.60.0",
      "resolved": "https://registry.npmjs.org/@oxc-parser/binding-linux-arm64-musl/-/binding-linux-arm64-musl-0.60.0.tgz",
      "integrity": "sha512-XRCvh7PWOH9FZnhPFoX7pDwYCTtouuyCDVaQGx1tWYdTmFrN/lY7HKuw6HEiQYyPmSJc0I3/tiuj0WQann3O9g==",
      "cpu": [
        "arm64"
      ],
      "license": "MIT",
      "optional": true,
      "os": [
        "linux"
      ],
      "engines": {
        "node": ">=14.0.0"
      }
    },
    "node_modules/@oxc-parser/binding-linux-x64-gnu": {
      "version": "0.60.0",
      "resolved": "https://registry.npmjs.org/@oxc-parser/binding-linux-x64-gnu/-/binding-linux-x64-gnu-0.60.0.tgz",
      "integrity": "sha512-Oi2TG4Ck61zXQErbuni7/WQbVxO7A5adPpzYYBakinNerbLKuPyLqcWamItqOimo8GFRAcT7dEqZ0w7sKR0MKw==",
      "cpu": [
        "x64"
      ],
      "license": "MIT",
      "optional": true,
      "os": [
        "linux"
      ],
      "engines": {
        "node": ">=14.0.0"
      }
    },
    "node_modules/@oxc-parser/binding-linux-x64-musl": {
      "version": "0.60.0",
      "resolved": "https://registry.npmjs.org/@oxc-parser/binding-linux-x64-musl/-/binding-linux-x64-musl-0.60.0.tgz",
      "integrity": "sha512-gGB1L3DngjCIg4CdGIBc5i1nfQgW33OBLoxgu3woHIrJh+kNll5kcQVhK5nPO9YKWlVw5Holbkk8qUd/q0lJQA==",
      "cpu": [
        "x64"
      ],
      "license": "MIT",
      "optional": true,
      "os": [
        "linux"
      ],
      "engines": {
        "node": ">=14.0.0"
      }
    },
    "node_modules/@oxc-parser/binding-wasm32-wasi": {
      "version": "0.60.0",
      "resolved": "https://registry.npmjs.org/@oxc-parser/binding-wasm32-wasi/-/binding-wasm32-wasi-0.60.0.tgz",
      "integrity": "sha512-Of/f5N+Iv9h2fSy0sUILIbHGlTO0nV8TiTg53jDd1+JPew6tScXCnKH/ki2E/9jgRrAKx6uBy0msUvCZtNdVeQ==",
      "cpu": [
        "wasm32"
      ],
      "license": "MIT",
      "optional": true,
      "dependencies": {
        "@napi-rs/wasm-runtime": "^0.2.7"
      },
      "engines": {
        "node": ">=14.0.0"
      }
    },
    "node_modules/@oxc-parser/binding-win32-arm64-msvc": {
      "version": "0.60.0",
      "resolved": "https://registry.npmjs.org/@oxc-parser/binding-win32-arm64-msvc/-/binding-win32-arm64-msvc-0.60.0.tgz",
      "integrity": "sha512-g99wu4flLjm1af/7UvxPG0J8MUc0qUESOKLei2Bi31L2Rv5zcL/muflBzs5SUXPvEtJx3c1PI9lQtn1wyqmClg==",
      "cpu": [
        "arm64"
      ],
      "license": "MIT",
      "optional": true,
      "os": [
        "win32"
      ],
      "engines": {
        "node": ">=14.0.0"
      }
    },
    "node_modules/@oxc-parser/binding-win32-x64-msvc": {
      "version": "0.60.0",
      "resolved": "https://registry.npmjs.org/@oxc-parser/binding-win32-x64-msvc/-/binding-win32-x64-msvc-0.60.0.tgz",
      "integrity": "sha512-u8ZrQx3vbXUu8m25eJMrtY42upT4AROhtP5LwwPHyG5qd8sCPmUTjJZUOs9QlsE6ANWWZjHIL/7IIRar4uUFtQ==",
      "cpu": [
        "x64"
      ],
      "license": "MIT",
      "optional": true,
      "os": [
        "win32"
      ],
      "engines": {
        "node": ">=14.0.0"
      }
    },
    "node_modules/@oxc-project/types": {
      "version": "0.60.0",
      "resolved": "https://registry.npmjs.org/@oxc-project/types/-/types-0.60.0.tgz",
      "integrity": "sha512-prhfNnb3ATFHOCv7mzKFfwLij5RzoUz6Y1n525ZhCEqfq5wreCXL+DyVoq3ShukPo7q45ZjYIdjFUgjj+WKzng==",
      "license": "MIT",
      "funding": {
        "url": "https://github.com/sponsors/Boshen"
      }
    },
    "node_modules/@tybys/wasm-util": {
      "version": "0.9.0",
      "resolved": "https://registry.npmjs.org/@tybys/wasm-util/-/wasm-util-0.9.0.tgz",
      "integrity": "sha512-6+7nlbMVX/PVDCwaIQ8nTOPveOcFLSt8GcXdx8hD0bt39uWxYT88uXzqTd4fTvqta7oeUJqudepapKNt2DYJFw==",
      "license": "MIT",
      "optional": true,
      "dependencies": {
        "tslib": "^2.4.0"
      }
    },
    "node_modules/oxc-parser": {
      "version": "0.60.0",
      "resolved": "https://registry.npmjs.org/oxc-parser/-/oxc-parser-0.60.0.tgz",
      "integrity": "sha512-eHNTOMugA/JiZRi8MZ3nFNcK6Acab9Lt78GTzehge/a/L0wUTgAu4mcp6jdcaPopnn+di8AAAgMyGfiRCq5VIw==",
      "license": "MIT",
      "dependencies": {
        "@oxc-project/types": "^0.60.0"
      },
      "engines": {
        "node": ">=14.0.0"
      },
      "funding": {
        "url": "https://github.com/sponsors/Boshen"
      },
      "optionalDependencies": {
        "@oxc-parser/binding-darwin-arm64": "0.60.0",
        "@oxc-parser/binding-darwin-x64": "0.60.0",
        "@oxc-parser/binding-linux-arm-gnueabihf": "0.60.0",
        "@oxc-parser/binding-linux-arm64-gnu": "0.60.0",
        "@oxc-parser/binding-linux-arm64-musl": "0.60.0",
        "@oxc-parser/binding-linux-x64-gnu": "0.60.0",
        "@oxc-parser/binding-linux-x64-musl": "0.60.0",
        "@oxc-parser/binding-wasm32-wasi": "0.60.0",
        "@oxc-parser/binding-win32-arm64-msvc": "0.60.0",
        "@oxc-parser/binding-win32-x64-msvc": "0.60.0"
      }
    },
    "node_modules/tslib": {
      "version": "2.8.1",
      "resolved": "https://registry.npmjs.org/tslib/-/tslib-2.8.1.tgz",
      "integrity": "sha512-oJFu94HQb+KVduSUQL7wnpmqnfmLsOA/nAh6b6EH0wCEoK0/mPeXU6c3wKDV83MkOuHPRHtSXKKU99IBazS/2w==",
      "license": "0BSD",
      "optional": true
    }
  }
}
